
Microsoft Visual Studio Solution File, Format Version 12.00
# Visual Studio 2015
Project("{FAE04EC0-301F-11D3-BF4B-00C04F79EFBC}") = "MagnitudeCompare.CSharp", "MagnitudeCompare.CSharp.csproj", "{08D50047-34BF-3908-1579-85E26E6C0380}"
EndProject
Project("{FAE04EC0-301F-11D3-BF4B-00C04F79EFBC}") = "MagnitudeCompare.CSharp.Editor", "MagnitudeCompare.CSharp.Editor.csproj", "{F434F681-F651-9A28-BABA-B09485CB61BE}"
EndProject
Global
	GlobalSection(SolutionConfigurationPlatforms) = preSolution
		Debug|Any CPU = Debug|Any CPU
		Release|Any CPU = Release|Any CPU
	EndGlobalSection
	GlobalSection(ProjectConfigurationPlatforms) = postSolution
		{08D50047-34BF-3908-1579-85E26E6C0380}.Debug|Any CPU.ActiveCfg = Debug|Any CPU
		{08D50047-34BF-3908-1579-85E26E6C0380}.Debug|Any CPU.Build.0 = Debug|Any CPU
		{08D50047-34BF-3908-1579-85E26E6C0380}.Release|Any CPU.ActiveCfg = Release|Any CPU
		{08D50047-34BF-3908-1579-85E26E6C0380}.Release|Any CPU.Build.0 = Release|Any CPU
		{F434F681-F651-9A28-BABA-B09485CB61BE}.Debug|Any CPU.ActiveCfg = Debug|Any CPU
		{F434F681-F651-9A28-BABA-B09485CB61BE}.Debug|Any CPU.Build.0 = Debug|Any CPU
		{F434F681-F651-9A28-BABA-B09485CB61BE}.Release|Any CPU.ActiveCfg = Release|Any CPU
		{F434F681-F651-9A28-BABA-B09485CB61BE}.Release|Any CPU.Build.0 = Release|Any CPU
	EndGlobalSection
	GlobalSection(SolutionProperties) = preSolution
		HideSolutionNode = FALSE
	EndGlobalSection
EndGlobal
